
Microsoft Visual Studio Solution File, Format Version 12.00
# Visual Studio Version 16
VisualStudioVersion = 16.0.30907.101
MinimumVisualStudioVersion = 10.0.40219.1
Project("{FAE04EC0-301F-11D3-BF4B-00C04F79EFBC}") = "Intec", "Intec.csproj", "{9B694A3D-DB90-461A-8426-835D5FA6B306}"
EndProject
Global
	GlobalSection(SolutionConfigurationPlatforms) = preSolution
		Debug|Any CPU = Debug|Any CPU
		Release|Any CPU = Release|Any CPU
	EndGlobalSection
	GlobalSection(ProjectConfigurationPlatforms) = postSolution
		{9B694A3D-DB90-461A-8426-835D5FA6B306}.Debug|Any CPU.ActiveCfg = Debug|Any CPU
		{9B694A3D-DB90-461A-8426-835D5FA6B306}.Debug|Any CPU.Build.0 = Debug|Any CPU
		{9B694A3D-DB90-461A-8426-835D5FA6B306}.Release|Any CPU.ActiveCfg = Release|Any CPU
		{9B694A3D-DB90-461A-8426-835D5FA6B306}.Release|Any CPU.Build.0 = Release|Any CPU
	EndGlobalSection
	GlobalSection(SolutionProperties) = preSolution
		HideSolutionNode = FALSE
	EndGlobalSection
	GlobalSection(ExtensibilityGlobals) = postSolution
		SolutionGuid = {BEAD76C8-A290-49E7-81DA-9FE2C364253A}
	EndGlobalSection
EndGlobal
